PODS:
  - SegueWithCompletion (0.1.5)

DEPENDENCIES:
  - SegueWithCompletion (from `..`)

EXTERNAL SOURCES:
  SegueWithCompletion:
    :path: ..

SPEC CHECKSUMS:
  SegueWithCompletion: 5d7276368728bbf89f5ea01a143f386e47526b95

PODFILE CHECKSUM: 6107ebd48fd7c0e77563758607e61844f2bcc6e8

COCOAPODS: 1.3.1
