PODS:
  - SegueWithCompletion (0.1.7)

DEPENDENCIES:
  - SegueWithCompletion (from `..`)

EXTERNAL SOURCES:
  SegueWithCompletion:
    :path: ".."

SPEC CHECKSUMS:
  SegueWithCompletion: 3543754dbef9a2f00d1a64404b45e0f94dbce1de

PODFILE CHECKSUM: 6107ebd48fd7c0e77563758607e61844f2bcc6e8

COCOAPODS: 1.10.0
